
Microsoft Visual Studio Solution File, Format Version 12.00
# Visual Studio Version 17
VisualStudioVersion = 17.9.34723.18
MinimumVisualStudioVersion = 10.0.40219.1
Project("{FAE04EC0-301F-11D3-BF4B-00C04F79EFBC}") = "BloatwareBangers", "BloatwareBangers.csproj", "{27390990-794E-44F1-A405-DB6DF511D866}"
EndProject
Project("{2150E333-8FDC-42A3-9474-1A3956D46DE8}") = "Project Folder BB", "Project Folder BB", "{8B2700C5-0EF7-4F28-873C-745EED58326A}"
EndProject
Global
	GlobalSection(SolutionConfigurationPlatforms) = preSolution
		Debug|Any CPU = Debug|Any CPU
		Release|Any CPU = Release|Any CPU
	EndGlobalSection
	GlobalSection(ProjectConfigurationPlatforms) = postSolution
		{27390990-794E-44F1-A405-DB6DF511D866}.Debug|Any CPU.ActiveCfg = Debug|Any CPU
		{27390990-794E-44F1-A405-DB6DF511D866}.Debug|Any CPU.Build.0 = Debug|Any CPU
		{27390990-794E-44F1-A405-DB6DF511D866}.Release|Any CPU.ActiveCfg = Release|Any CPU
		{27390990-794E-44F1-A405-DB6DF511D866}.Release|Any CPU.Build.0 = Release|Any CPU
	EndGlobalSection
	GlobalSection(SolutionProperties) = preSolution
		HideSolutionNode = FALSE
	EndGlobalSection
	GlobalSection(NestedProjects) = preSolution
		{27390990-794E-44F1-A405-DB6DF511D866} = {8B2700C5-0EF7-4F28-873C-745EED58326A}
	EndGlobalSection
	GlobalSection(ExtensibilityGlobals) = postSolution
		SolutionGuid = {7EE69402-2233-4042-8CA2-E29F5C87FBA7}
	EndGlobalSection
EndGlobal
